// !$*UTF8*$!
{
	archiveVersion = 1;
	classes = {
	};
	objectVersion = 48;
	objects = {

/* Begin PBXBuildFile section */
		585B8E731FEE1B4800589ED8 /* RatingControl.swift in Sources */ = {isa = PBXBuildFile; fileRef = 585B8E721FEE1B4800589ED8 /* RatingControl.swift */; };
		586D4B841FEF7FAE007C3F6D /* CreatFoodReviewViewController.swift in Sources */ = {isa = PBXBuildFile; fileRef = 586D4B831FEF7FAE007C3F6D /* CreatFoodReviewViewController.swift */; };
		586D4B861FEFA704007C3F6D /* ShowFoodReviewViewController.swift in Sources */ = {isa = PBXBuildFile; fileRef = 586D4B851FEFA704007C3F6D /* ShowFoodReviewViewController.swift */; };
		586D4B881FEFC64A007C3F6D /* CommentViewController.swift in Sources */ = {isa = PBXBuildFile; fileRef = 586D4B871FEFC64A007C3F6D /* CommentViewController.swift */; };
		5879FFCF1FEF3D010076B532 /* FoodReview.swift in Sources */ = {isa = PBXBuildFile; fileRef = 5879FFCE1FEF3D010076B532 /* FoodReview.swift */; };
		5879FFD11FEF3F510076B532 /* FoodReviewTableViewCell.swift in Sources */ = {isa = PBXBuildFile; fileRef = 5879FFD01FEF3F510076B532 /* FoodReviewTableViewCell.swift */; };
		5879FFD31FEF45860076B532 /* FoodReviewTableViewController.swift in Sources */ = {isa = PBXBuildFile; fileRef = 5879FFD21FEF45860076B532 /* FoodReviewTableViewController.swift */; };
		58B492361FE010E800E08E14 /* AppDelegate.swift in Sources */ = {isa = PBXBuildFile; fileRef = 58B492351FE010E800E08E14 /* AppDelegate.swift */; };
		58B492381FE010E800E08E14 /* ViewController.swift in Sources */ = {isa = PBXBuildFile; fileRef = 58B492371FE010E800E08E14 /* ViewController.swift */; };
		58B4923B1FE010E800E08E14 /* Main.storyboard in Resources */ = {isa = PBXBuildFile; fileRef = 58B492391FE010E800E08E14 /* Main.storyboard */; };
		58B4923D1FE010E800E08E14 /* Assets.xcassets in Resources */ = {isa = PBXBuildFile; fileRef = 58B4923C1FE010E800E08E14 /* Assets.xcassets */; };
		58B492401FE010E800E08E14 /* LaunchScreen.storyboard in Resources */ = {isa = PBXBuildFile; fileRef = 58B4923E1FE010E800E08E14 /* LaunchScreen.storyboard */; };
		58B4924B1FE010E800E08E14 /* foodTests.swift in Sources */ = {isa = PBXBuildFile; fileRef = 58B4924A1FE010E800E08E14 /* foodTests.swift */; };
		58B492561FE010E800E08E14 /* foodUITests.swift in Sources */ = {isa = PBXBuildFile; fileRef = 58B492551FE010E800E08E14 /* foodUITests.swift */; };
		58D03FAE1FF1D039006FEFF0 /* ModifyFoodReviewViewController.swift in Sources */ = {isa = PBXBuildFile; fileRef = 58D03FAD1FF1D039006FEFF0 /* ModifyFoodReviewViewController.swift */; };
		58D1CFF51FF099CC00FB8988 /* Alamofire.framework in Frameworks */ = {isa = PBXBuildFile; fileRef = 58E968871FF0987800E881D2 /* Alamofire.framework */; };
		58D1CFF61FF099CC00FB8988 /* Alamofire.framework in Embed Frameworks */ = {isa = PBXBuildFile; fileRef = 58E968871FF0987800E881D2 /* Alamofire.framework */; settings = {ATTRIBUTES = (CodeSignOnCopy, RemoveHeadersOnCopy, ); }; };
		58D1D0141FF0BAAB00FB8988 /* SwiftyJSON.framework in Frameworks */ = {isa = PBXBuildFile; fileRef = 58D1D0071FF0BA9100FB8988 /* SwiftyJSON.framework */; };
		58D1D0151FF0BAAB00FB8988 /* SwiftyJSON.framework in Embed Frameworks */ = {isa = PBXBuildFile; fileRef = 58D1D0071FF0BA9100FB8988 /* SwiftyJSON.framework */; settings = {ATTRIBUTES = (CodeSignOnCopy, RemoveHeadersOnCopy, ); }; };
		58D1D0191FF0D77100FB8988 /* commentFood.swift in Sources */ = {isa = PBXBuildFile; fileRef = 58D1D0181FF0D77100FB8988 /* commentFood.swift */; };
		58D1D01B1FF0E96E00FB8988 /* signinViewController.swift in Sources */ = {isa = PBXBuildFile; fileRef = 58D1D01A1FF0E96E00FB8988 /* signinViewController.swift */; };
		58D1D01D1FF0E98200FB8988 /* signupViewController.swift in Sources */ = {isa = PBXBuildFile; fileRef = 58D1D01C1FF0E98200FB8988 /* signupViewController.swift */; };
		58E3F1DC1FEFCAFB00071464 /* CommentTableViewCell.swift in Sources */ = {isa = PBXBuildFile; fileRef = 58E3F1DB1FEFCAFB00071464 /* CommentTableViewCell.swift */; };
		58E3F1DE1FEFCF8F00071464 /* CommentTableViewController.swift in Sources */ = {isa = PBXBuildFile; fileRef = 58E3F1DD1FEFCF8F00071464 /* CommentTableViewController.swift */; };
		58E3F1E01FEFD0F100071464 /* Comment.swift in Sources */ = {isa = PBXBuildFile; fileRef = 58E3F1DF1FEFD0F100071464 /* Comment.swift */; };
		58E3F1EE1FF0053800071464 /* settingViewController.swift in Sources */ = {isa = PBXBuildFile; fileRef = 58E3F1ED1FF0053800071464 /* settingViewController.swift */; };
		58E3F1F01FF0056E00071464 /* SharedTableViewController.swift in Sources */ = {isa = PBXBuildFile; fileRef = 58E3F1EF1FF0056E00071464 /* SharedTableViewController.swift */; };
		58E3F1F21FF0058200071464 /* CommentedTableViewController.swift in Sources */ = {isa = PBXBuildFile; fileRef = 58E3F1F11FF0058200071464 /* CommentedTableViewController.swift */; };
		58E3F1F41FF0059B00071464 /* SharedTableViewCell.swift in Sources */ = {isa = PBXBuildFile; fileRef = 58E3F1F31FF0059B00071464 /* SharedTableViewCell.swift */; };
		58E3F1F61FF005AD00071464 /* CommentedTableViewCell.swift in Sources */ = {isa = PBXBuildFile; fileRef = 58E3F1F51FF005AD00071464 /* CommentedTableViewCell.swift */; };
		58E3F1FA1FF0176600071464 /* testTableViewCell.swift in Sources */ = {isa = PBXBuildFile; fileRef = 58E3F1F91FF0176600071464 /* testTableViewCell.swift */; };
/* End PBXBuildFile section */

/* Begin PBXContainerItemProxy section */
		58B492471FE010E800E08E14 /* PBXContainerItemProxy */ = {
			isa = PBXContainerItemProxy;
			containerPortal = 58B4922A1FE010E700E08E14 /* Project object */;
			proxyType = 1;
			remoteGlobalIDString = 58B492311FE010E800E08E14;
			remoteInfo = food;
		};
		58B492521FE010E800E08E14 /* PBXContainerItemProxy */ = {
			isa = PBXContainerItemProxy;
			containerPortal = 58B4922A1FE010E700E08E14 /* Project object */;
			proxyType = 1;
			remoteGlobalIDString = 58B492311FE010E800E08E14;
			remoteInfo = food;
		};
		58D1CFF71FF099CD00FB8988 /* PBXContainerItemProxy */ = {
			isa = PBXContainerItemProxy;
			containerPortal = 58E9687B1FF0987700E881D2 /* Alamofire.xcodeproj */;
			proxyType = 1;
			remoteGlobalIDString = F8111E3219A95C8B0040E7D1;
			remoteInfo = "Alamofire iOS";
		};
		58D1D0061FF0BA9100FB8988 /* PBXContainerItemProxy */ = {
			isa = PBXContainerItemProxy;
			containerPortal = 58D1CFFB1FF0BA9000FB8988 /* SwiftyJSON.xcodeproj */;
			proxyType = 2;
			remoteGlobalIDString = 2E4FEFDB19575BE100351305;
			remoteInfo = "SwiftyJSON iOS";
		};
		58D1D0081FF0BA9100FB8988 /* PBXContainerItemProxy */ = {
			isa = PBXContainerItemProxy;
			containerPortal = 58D1CFFB1FF0BA9000FB8988 /* SwiftyJSON.xcodeproj */;
			proxyType = 2;
			remoteGlobalIDString = 2E4FEFE619575BE100351305;
			remoteInfo = "SwiftyJSON iOS Tests";
		};
		58D1D00A1FF0BA9100FB8988 /* PBXContainerItemProxy */ = {
			isa = PBXContainerItemProxy;
			containerPortal = 58D1CFFB1FF0BA9000FB8988 /* SwiftyJSON.xcodeproj */;
			proxyType = 2;
			remoteGlobalIDString = 9C7DFC5B1A9102BD005AA3F7;
			remoteInfo = "SwiftyJSON macOS";
		};
		58D1D00C1FF0BA9100FB8988 /* PBXContainerItemProxy */ = {
			isa = PBXContainerItemProxy;
			containerPortal = 58D1CFFB1FF0BA9000FB8988 /* SwiftyJSON.xcodeproj */;
			proxyType = 2;
			remoteGlobalIDString = 9C7DFC651A9102BD005AA3F7;
			remoteInfo = "SwiftyJSON macOS Tests";
		};
		58D1D00E1FF0BA9100FB8988 /* PBXContainerItemProxy */ = {
			isa = PBXContainerItemProxy;
			containerPortal = 58D1CFFB1FF0BA9000FB8988 /* SwiftyJSON.xcodeproj */;
			proxyType = 2;
			remoteGlobalIDString = E4D7CCE81B9465A700EE7221;
			remoteInfo = "SwiftyJSON watchOS";
		};
		58D1D0101FF0BA9100FB8988 /* PBXContainerItemProxy */ = {
			isa = PBXContainerItemProxy;
			containerPortal = 58D1CFFB1FF0BA9000FB8988 /* SwiftyJSON.xcodeproj */;
			proxyType = 2;
			remoteGlobalIDString = 7236B4F61BAC14150020529B;
			remoteInfo = "SwiftyJSON tvOS";
		};
		58D1D0121FF0BA9100FB8988 /* PBXContainerItemProxy */ = {
			isa = PBXContainerItemProxy;
			containerPortal = 58D1CFFB1FF0BA9000FB8988 /* SwiftyJSON.xcodeproj */;
			proxyType = 2;
			remoteGlobalIDString = A8580F741BCF5C5B00DA927B;
			remoteInfo = "SwiftyJSON tvOS Tests";
		};
		58D1D0161FF0BAAB00FB8988 /* PBXContainerItemProxy */ = {
			isa = PBXContainerItemProxy;
			containerPortal = 58D1CFFB1FF0BA9000FB8988 /* SwiftyJSON.xcodeproj */;
			proxyType = 1;
			remoteGlobalIDString = 2E4FEFDA19575BE100351305;
			remoteInfo = "SwiftyJSON iOS";
		};
		58E968861FF0987800E881D2 /* PBXContainerItemProxy */ = {
			isa = PBXContainerItemProxy;
			containerPortal = 58E9687B1FF0987700E881D2 /* Alamofire.xcodeproj */;
			proxyType = 2;
			remoteGlobalIDString = F8111E3319A95C8B0040E7D1;
			remoteInfo = "Alamofire iOS";
		};
		58E968881FF0987800E881D2 /* PBXContainerItemProxy */ = {
			isa = PBXContainerItemProxy;
			containerPortal = 58E9687B1FF0987700E881D2 /* Alamofire.xcodeproj */;
			proxyType = 2;
			remoteGlobalIDString = F8111E3E19A95C8B0040E7D1;
			remoteInfo = "Alamofire iOS Tests";
		};
		58E9688A1FF0987800E881D2 /* PBXContainerItemProxy */ = {
			isa = PBXContainerItemProxy;
			containerPortal = 58E9687B1FF0987700E881D2 /* Alamofire.xcodeproj */;
			proxyType = 2;
			remoteGlobalIDString = 4DD67C0B1A5C55C900ED2280;
			remoteInfo = "Alamofire macOS";
		};
		58E9688C1FF0987800E881D2 /* PBXContainerItemProxy */ = {
			isa = PBXContainerItemProxy;
			containerPortal = 58E9687B1FF0987700E881D2 /* Alamofire.xcodeproj */;
			proxyType = 2;
			remoteGlobalIDString = F829C6B21A7A94F100A2CD59;
			remoteInfo = "Alamofire macOS Tests";
		};
		58E9688E1FF0987800E881D2 /* PBXContainerItemProxy */ = {
			isa = PBXContainerItemProxy;
			containerPortal = 58E9687B1FF0987700E881D2 /* Alamofire.xcodeproj */;
			proxyType = 2;
			remoteGlobalIDString = 4CF626EF1BA7CB3E0011A099;
			remoteInfo = "Alamofire tvOS";
		};
		58E968901FF0987800E881D2 /* PBXContainerItemProxy */ = {
			isa = PBXContainerItemProxy;
			containerPortal = 58E9687B1FF0987700E881D2 /* Alamofire.xcodeproj */;
			proxyType = 2;
			remoteGlobalIDString = 4CF626F81BA7CB3E0011A099;
			remoteInfo = "Alamofire tvOS Tests";
		};
		58E968921FF0987800E881D2 /* PBXContainerItemProxy */ = {
			isa = PBXContainerItemProxy;
			containerPortal = 58E9687B1FF0987700E881D2 /* Alamofire.xcodeproj */;
			proxyType = 2;
			remoteGlobalIDString = E4202FE01B667AA100C997FB;
			remoteInfo = "Alamofire watchOS";
		};
/* End PBXContainerItemProxy section */

/* Begin PBXCopyFilesBuildPhase section */
		58D1CFF91FF099CD00FB8988 /* Embed Frameworks */ = {
			isa = PBXCopyFilesBuildPhase;
			buildActionMask = 2147483647;
			dstPath = "";
			dstSubfolderSpec = 10;
			files = (
				58D1D0151FF0BAAB00FB8988 /* SwiftyJSON.framework in Embed Frameworks */,
				58D1CFF61FF099CC00FB8988 /* Alamofire.framework in Embed Frameworks */,
			);
			name = "Embed Frameworks";
			runOnlyForDeploymentPostprocessing = 0;
		};
/* End PBXCopyFilesBuildPhase section */

/* Begin PBXFileReference section */
		585B8E721FEE1B4800589ED8 /* RatingControl.swift */ = {isa = PBXFileReference; lastKnownFileType = sourcecode.swift; path = RatingControl.swift; sourceTree = "<group>"; };
		586D4B831FEF7FAE007C3F6D /* CreatFoodReviewViewController.swift */ = {isa = PBXFileReference; lastKnownFileType = sourcecode.swift; path = CreatFoodReviewViewController.swift; sourceTree = "<group>"; };
		586D4B851FEFA704007C3F6D /* ShowFoodReviewViewController.swift */ = {isa = PBXFileReference; lastKnownFileType = sourcecode.swift; path = ShowFoodReviewViewController.swift; sourceTree = "<group>"; };
		586D4B871FEFC64A007C3F6D /* CommentViewController.swift */ = {isa = PBXFileReference; lastKnownFileType = sourcecode.swift; path = CommentViewController.swift; sourceTree = "<group>"; };
		5879FFCE1FEF3D010076B532 /* FoodReview.swift */ = {isa = PBXFileReference; lastKnownFileType = sourcecode.swift; path = FoodReview.swift; sourceTree = "<group>"; };
		5879FFD01FEF3F510076B532 /* FoodReviewTableViewCell.swift */ = {isa = PBXFileReference; lastKnownFileType = sourcecode.swift; path = FoodReviewTableViewCell.swift; sourceTree = "<group>"; };
		5879FFD21FEF45860076B532 /* FoodReviewTableViewController.swift */ = {isa = PBXFileReference; lastKnownFileType = sourcecode.swift; path = FoodReviewTableViewController.swift; sourceTree = "<group>"; };
		58B492321FE010E800E08E14 /* food.app */ = {isa = PBXFileReference; explicitFileType = wrapper.application; includeInIndex = 0; path = food.app; sourceTree = BUILT_PRODUCTS_DIR; };
		58B492351FE010E800E08E14 /* AppDelegate.swift */ = {isa = PBXFileReference; lastKnownFileType = sourcecode.swift; path = AppDelegate.swift; sourceTree = "<group>"; };
		58B492371FE010E800E08E14 /* ViewController.swift */ = {isa = PBXFileReference; lastKnownFileType = sourcecode.swift; path = ViewController.swift; sourceTree = "<group>"; };
		58B4923A1FE010E800E08E14 /* Base */ = {isa = PBXFileReference; lastKnownFileType = file.storyboard; name = Base; path = Base.lproj/Main.storyboard; sourceTree = "<group>"; };
		58B4923C1FE010E800E08E14 /* Assets.xcassets */ = {isa = PBXFileReference; lastKnownFileType = folder.assetcatalog; path = Assets.xcassets; sourceTree = "<group>"; };
		58B4923F1FE010E800E08E14 /* Base */ = {isa = PBXFileReference; lastKnownFileType = file.storyboard; name = Base; path = Base.lproj/LaunchScreen.storyboard; sourceTree = "<group>"; };
		58B492411FE010E800E08E14 /* Info.plist */ = {isa = PBXFileReference; lastKnownFileType = text.plist.xml; path = Info.plist; sourceTree = "<group>"; };
		58B492461FE010E800E08E14 /* foodTests.xctest */ = {isa = PBXFileReference; explicitFileType = wrapper.cfbundle; includeInIndex = 0; path = foodTests.xctest; sourceTree = BUILT_PRODUCTS_DIR; };
		58B4924A1FE010E800E08E14 /* foodTests.swift */ = {isa = PBXFileReference; lastKnownFileType = sourcecode.swift; path = foodTests.swift; sourceTree = "<group>"; };
		58B4924C1FE010E800E08E14 /* Info.plist */ = {isa = PBXFileReference; lastKnownFileType = text.plist.xml; path = Info.plist; sourceTree = "<group>"; };
		58B492511FE010E800E08E14 /* foodUITests.xctest */ = {isa = PBXFileReference; explicitFileType = wrapper.cfbundle; includeInIndex = 0; path = foodUITests.xctest; sourceTree = BUILT_PRODUCTS_DIR; };
		58B492551FE010E800E08E14 /* foodUITests.swift */ = {isa = PBXFileReference; lastKnownFileType = sourcecode.swift; path = foodUITests.swift; sourceTree = "<group>"; };
		58B492571FE010E800E08E14 /* Info.plist */ = {isa = PBXFileReference; lastKnownFileType = text.plist.xml; path = Info.plist; sourceTree = "<group>"; };
		58D03FAD1FF1D039006FEFF0 /* ModifyFoodReviewViewController.swift */ = {isa = PBXFileReference; lastKnownFileType = sourcecode.swift; path = ModifyFoodReviewViewController.swift; sourceTree = "<group>"; };
		58D1CFFB1FF0BA9000FB8988 /* SwiftyJSON.xcodeproj */ = {isa = PBXFileReference; lastKnownFileType = "wrapper.pb-project"; name = SwiftyJSON.xcodeproj; path = "../../Downloads/SwiftyJSON-master/SwiftyJSON.xcodeproj"; sourceTree = "<group>"; };
		58D1D0181FF0D77100FB8988 /* commentFood.swift */ = {isa = PBXFileReference; lastKnownFileType = sourcecode.swift; path = commentFood.swift; sourceTree = "<group>"; };
		58D1D01A1FF0E96E00FB8988 /* signinViewController.swift */ = {isa = PBXFileReference; lastKnownFileType = sourcecode.swift; path = signinViewController.swift; sourceTree = "<group>"; };
		58D1D01C1FF0E98200FB8988 /* signupViewController.swift */ = {isa = PBXFileReference; lastKnownFileType = sourcecode.swift; path = signupViewController.swift; sourceTree = "<group>"; };
		58E3F1DB1FEFCAFB00071464 /* CommentTableViewCell.swift */ = {isa = PBXFileReference; lastKnownFileType = sourcecode.swift; path = CommentTableViewCell.swift; sourceTree = "<group>"; };
		58E3F1DD1FEFCF8F00071464 /* CommentTableViewController.swift */ = {isa = PBXFileReference; lastKnownFileType = sourcecode.swift; path = CommentTableViewController.swift; sourceTree = "<group>"; };
		58E3F1DF1FEFD0F100071464 /* Comment.swift */ = {isa = PBXFileReference; lastKnownFileType = sourcecode.swift; path = Comment.swift; sourceTree = "<group>"; };
		58E3F1ED1FF0053800071464 /* settingViewController.swift */ = {isa = PBXFileReference; lastKnownFileType = sourcecode.swift; path = settingViewController.swift; sourceTree = "<group>"; };
		58E3F1EF1FF0056E00071464 /* SharedTableViewController.swift */ = {isa = PBXFileReference; lastKnownFileType = sourcecode.swift; path = SharedTableViewController.swift; sourceTree = "<group>"; };
		58E3F1F11FF0058200071464 /* CommentedTableViewController.swift */ = {isa = PBXFileReference; lastKnownFileType = sourcecode.swift; path = CommentedTableViewController.swift; sourceTree = "<group>"; };
		58E3F1F31FF0059B00071464 /* SharedTableViewCell.swift */ = {isa = PBXFileReference; lastKnownFileType = sourcecode.swift; path = SharedTableViewCell.swift; sourceTree = "<group>"; };
		58E3F1F51FF005AD00071464 /* CommentedTableViewCell.swift */ = {isa = PBXFileReference; lastKnownFileType = sourcecode.swift; path = CommentedTableViewCell.swift; sourceTree = "<group>"; };
		58E3F1F91FF0176600071464 /* testTableViewCell.swift */ = {isa = PBXFileReference; lastKnownFileType = sourcecode.swift; path = testTableViewCell.swift; sourceTree = "<group>"; };
		58E9687B1FF0987700E881D2 /* Alamofire.xcodeproj */ = {isa = PBXFileReference; lastKnownFileType = "wrapper.pb-project"; name = Alamofire.xcodeproj; path = "../../Downloads/Alamofire-master/Alamofire.xcodeproj"; sourceTree = "<group>"; };
/* End PBXFileReference section */

/* Begin PBXFrameworksBuildPhase section */
		58B4922F1FE010E800E08E14 /* Frameworks */ = {
			isa = PBXFrameworksBuildPhase;
			buildActionMask = 2147483647;
			files = (
				58D1D0141FF0BAAB00FB8988 /* SwiftyJSON.framework in Frameworks */,
				58D1CFF51FF099CC00FB8988 /* Alamofire.framework in Frameworks */,
			);
			runOnlyForDeploymentPostprocessing = 0;
		};
		58B492431FE010E800E08E14 /* Frameworks */ = {
			isa = PBXFrameworksBuildPhase;
			buildActionMask = 2147483647;
			files = (
			);
			runOnlyForDeploymentPostprocessing = 0;
		};
		58B4924E1FE010E800E08E14 /* Frameworks */ = {
			isa = PBXFrameworksBuildPhase;
			buildActionMask = 2147483647;
			files = (
			);
			runOnlyForDeploymentPostprocessing = 0;
		};
/* End PBXFrameworksBuildPhase section */

/* Begin PBXGroup section */
		58B492291FE010E700E08E14 = {
			isa = PBXGroup;
			children = (
				58D1CFFB1FF0BA9000FB8988 /* SwiftyJSON.xcodeproj */,
				58E9687B1FF0987700E881D2 /* Alamofire.xcodeproj */,
				58B492341FE010E800E08E14 /* food */,
				58B492491FE010E800E08E14 /* foodTests */,
				58B492541FE010E800E08E14 /* foodUITests */,
				58B492331FE010E800E08E14 /* Products */,
			);
			sourceTree = "<group>";
		};
		58B492331FE010E800E08E14 /* Products */ = {
			isa = PBXGroup;
			children = (
				58B492321FE010E800E08E14 /* food.app */,
				58B492461FE010E800E08E14 /* foodTests.xctest */,
				58B492511FE010E800E08E14 /* foodUITests.xctest */,
			);
			name = Products;
			sourceTree = "<group>";
		};
		58B492341FE010E800E08E14 /* food */ = {
			isa = PBXGroup;
			children = (
				586D4B831FEF7FAE007C3F6D /* CreatFoodReviewViewController.swift */,
				58B492351FE010E800E08E14 /* AppDelegate.swift */,
				5879FFCE1FEF3D010076B532 /* FoodReview.swift */,
				58B492371FE010E800E08E14 /* ViewController.swift */,
				58B492391FE010E800E08E14 /* Main.storyboard */,
				58D03FAD1FF1D039006FEFF0 /* ModifyFoodReviewViewController.swift */,
				58D1D0181FF0D77100FB8988 /* commentFood.swift */,
				58E3F1F91FF0176600071464 /* testTableViewCell.swift */,
				5879FFD21FEF45860076B532 /* FoodReviewTableViewController.swift */,
				58D1D01A1FF0E96E00FB8988 /* signinViewController.swift */,
				58D1D01C1FF0E98200FB8988 /* signupViewController.swift */,
				586D4B851FEFA704007C3F6D /* ShowFoodReviewViewController.swift */,
				58E3F1ED1FF0053800071464 /* settingViewController.swift */,
				5879FFD01FEF3F510076B532 /* FoodReviewTableViewCell.swift */,
				586D4B871FEFC64A007C3F6D /* CommentViewController.swift */,
				58E3F1DD1FEFCF8F00071464 /* CommentTableViewController.swift */,
				58E3F1DF1FEFD0F100071464 /* Comment.swift */,
				58E3F1DB1FEFCAFB00071464 /* CommentTableViewCell.swift */,
				585B8E721FEE1B4800589ED8 /* RatingControl.swift */,
				58B4923C1FE010E800E08E14 /* Assets.xcassets */,
				58B4923E1FE010E800E08E14 /* LaunchScreen.storyboard */,
				58B492411FE010E800E08E14 /* Info.plist */,
				58E3F1EF1FF0056E00071464 /* SharedTableViewController.swift */,
				58E3F1F11FF0058200071464 /* CommentedTableViewController.swift */,
				58E3F1F31FF0059B00071464 /* SharedTableViewCell.swift */,
				58E3F1F51FF005AD00071464 /* CommentedTableViewCell.swift */,
			);
			path = food;
			sourceTree = "<group>";
		};
		58B492491FE010E800E08E14 /* foodTests */ = {
			isa = PBXGroup;
			children = (
				58B4924A1FE010E800E08E14 /* foodTests.swift */,
				58B4924C1FE010E800E08E14 /* Info.plist */,
			);
			path = foodTests;
			sourceTree = "<group>";
		};
		58B492541FE010E800E08E14 /* foodUITests */ = {
			isa = PBXGroup;
			children = (
				58B492551FE010E800E08E14 /* foodUITests.swift */,
				58B492571FE010E800E08E14 /* Info.plist */,
			);
			path = foodUITests;
			sourceTree = "<group>";
		};
		58D1CFFC1FF0BA9000FB8988 /* Products */ = {
			isa = PBXGroup;
			children = (
				58D1D0071FF0BA9100FB8988 /* SwiftyJSON.framework */,
				58D1D0091FF0BA9100FB8988 /* SwiftyJSON iOS Tests.xctest */,
				58D1D00B1FF0BA9100FB8988 /* SwiftyJSON.framework */,
				58D1D00D1FF0BA9100FB8988 /* SwiftyJSON macOS Tests.xctest */,
				58D1D00F1FF0BA9100FB8988 /* SwiftyJSON.framework */,
				58D1D0111FF0BA9100FB8988 /* SwiftyJSON.framework */,
				58D1D0131FF0BA9100FB8988 /* SwiftyJSON tvOS Tests.xctest */,
			);
			name = Products;
			sourceTree = "<group>";
		};
		58E9687C1FF0987700E881D2 /* Products */ = {
			isa = PBXGroup;
			children = (
				58E968871FF0987800E881D2 /* Alamofire.framework */,
				58E968891FF0987800E881D2 /* Alamofire iOS Tests.xctest */,
				58E9688B1FF0987800E881D2 /* Alamofire.framework */,
				58E9688D1FF0987800E881D2 /* Alamofire macOS Tests.xctest */,
				58E9688F1FF0987800E881D2 /* Alamofire.framework */,
				58E968911FF0987800E881D2 /* Alamofire tvOS Tests.xctest */,
				58E968931FF0987800E881D2 /* Alamofire.framework */,
			);
			name = Products;
			sourceTree = "<group>";
		};
/* End PBXGroup section */

/* Begin PBXNativeTarget section */
		58B492311FE010E800E08E14 /* food */ = {
			isa = PBXNativeTarget;
			buildConfigurationList = 58B4925A1FE010E800E08E14 /* Build configuration list for PBXNativeTarget "food" */;
			buildPhases = (
				58B4922E1FE010E800E08E14 /* Sources */,
				58B4922F1FE010E800E08E14 /* Frameworks */,
				58B492301FE010E800E08E14 /* Resources */,
				58D1CFF91FF099CD00FB8988 /* Embed Frameworks */,
			);
			buildRules = (
			);
			dependencies = (
				58D1CFF81FF099CD00FB8988 /* PBXTargetDependency */,
				58D1D0171FF0BAAB00FB8988 /* PBXTargetDependency */,
			);
			name = food;
			productName = food;
			productReference = 58B492321FE010E800E08E14 /* food.app */;
			productType = "com.apple.product-type.application";
		};
		58B492451FE010E800E08E14 /* foodTests */ = {
			isa = PBXNativeTarget;
			buildConfigurationList = 58B4925D1FE010E800E08E14 /* Build configuration list for PBXNativeTarget "foodTests" */;
			buildPhases = (
				58B492421FE010E800E08E14 /* Sources */,
				58B492431FE010E800E08E14 /* Frameworks */,
				58B492441FE010E800E08E14 /* Resources */,
			);
			buildRules = (
			);
			dependencies = (
				58B492481FE010E800E08E14 /* PBXTargetDependency */,
			);
			name = foodTests;
			productName = foodTests;
			productReference = 58B492461FE010E800E08E14 /* foodTests.xctest */;
			productType = "com.apple.product-type.bundle.unit-test";
		};
		58B492501FE010E800E08E14 /* foodUITests */ = {
			isa = PBXNativeTarget;
			buildConfigurationList = 58B492601FE010E800E08E14 /* Build configuration list for PBXNativeTarget "foodUITests" */;
			buildPhases = (
				58B4924D1FE010E800E08E14 /* Sources */,
				58B4924E1FE010E800E08E14 /* Frameworks */,
				58B4924F1FE010E800E08E14 /* Resources */,
			);
			buildRules = (
			);
			dependencies = (
				58B492531FE010E800E08E14 /* PBXTargetDependency */,
			);
			name = foodUITests;
			productName = foodUITests;
			productReference = 58B492511FE010E800E08E14 /* foodUITests.xctest */;
			productType = "com.apple.product-type.bundle.ui-testing";
		};
/* End PBXNativeTarget section */

/* Begin PBXProject section */
		58B4922A1FE010E700E08E14 /* Project object */ = {
			isa = PBXProject;
			attributes = {
				LastSwiftUpdateCheck = 0910;
				LastUpgradeCheck = 0910;
				ORGANIZATIONNAME = hyx;
				TargetAttributes = {
					58B492311FE010E800E08E14 = {
						CreatedOnToolsVersion = 9.1;
						ProvisioningStyle = Automatic;
					};
					58B492451FE010E800E08E14 = {
						CreatedOnToolsVersion = 9.1;
						ProvisioningStyle = Automatic;
						TestTargetID = 58B492311FE010E800E08E14;
					};
					58B492501FE010E800E08E14 = {
						CreatedOnToolsVersion = 9.1;
						ProvisioningStyle = Automatic;
						TestTargetID = 58B492311FE010E800E08E14;
					};
				};
			};
			buildConfigurationList = 58B4922D1FE010E700E08E14 /* Build configuration list for PBXProject "food" */;
			compatibilityVersion = "Xcode 8.0";
			developmentRegion = en;
			hasScannedForEncodings = 0;
			knownRegions = (
				en,
				Base,
			);
			mainGroup = 58B492291FE010E700E08E14;
			productRefGroup = 58B492331FE010E800E08E14 /* Products */;
			projectDirPath = "";
			projectReferences = (
				{
					ProductGroup = 58E9687C1FF0987700E881D2 /* Products */;
					ProjectRef = 58E9687B1FF0987700E881D2 /* Alamofire.xcodeproj */;
				},
				{
					ProductGroup = 58D1CFFC1FF0BA9000FB8988 /* Products */;
					ProjectRef = 58D1CFFB1FF0BA9000FB8988 /* SwiftyJSON.xcodeproj */;
				},
			);
			projectRoot = "";
			targets = (
				58B492311FE010E800E08E14 /* food */,
				58B492451FE010E800E08E14 /* foodTests */,
				58B492501FE010E800E08E14 /* foodUITests */,
			);
		};
/* End PBXProject section */

/* Begin PBXReferenceProxy section */
		58D1D0071FF0BA9100FB8988 /* SwiftyJSON.framework */ = {
			isa = PBXReferenceProxy;
			fileType = wrapper.framework;
			path = SwiftyJSON.framework;
			remoteRef = 58D1D0061FF0BA9100FB8988 /* PBXContainerItemProxy */;
			sourceTree = BUILT_PRODUCTS_DIR;
		};
		58D1D0091FF0BA9100FB8988 /* SwiftyJSON iOS Tests.xctest */ = {
			isa = PBXReferenceProxy;
			fileType = wrapper.cfbundle;
			path = "SwiftyJSON iOS Tests.xctest";
			remoteRef = 58D1D0081FF0BA9100FB8988 /* PBXContainerItemProxy */;
			sourceTree = BUILT_PRODUCTS_DIR;
		};
		58D1D00B1FF0BA9100FB8988 /* SwiftyJSON.framework */ = {
			isa = PBXReferenceProxy;
			fileType = wrapper.framework;
			path = SwiftyJSON.framework;
			remoteRef = 58D1D00A1FF0BA9100FB8988 /* PBXContainerItemProxy */;
			sourceTree = BUILT_PRODUCTS_DIR;
		};
		58D1D00D1FF0BA9100FB8988 /* SwiftyJSON macOS Tests.xctest */ = {
			isa = PBXReferenceProxy;
			fileType = wrapper.cfbundle;
			path = "SwiftyJSON macOS Tests.xctest";
			remoteRef = 58D1D00C1FF0BA9100FB8988 /* PBXContainerItemProxy */;
			sourceTree = BUILT_PRODUCTS_DIR;
		};
		58D1D00F1FF0BA9100FB8988 /* SwiftyJSON.framework */ = {
			isa = PBXReferenceProxy;
			fileType = wrapper.framework;
			path = SwiftyJSON.framework;
			remoteRef = 58D1D00E1FF0BA9100FB8988 /* PBXContainerItemProxy */;
			sourceTree = BUILT_PRODUCTS_DIR;
		};
		58D1D0111FF0BA9100FB8988 /* SwiftyJSON.framework */ = {
			isa = PBXReferenceProxy;
			fileType = wrapper.framework;
			path = SwiftyJSON.framework;
			remoteRef = 58D1D0101FF0BA9100FB8988 /* PBXContainerItemProxy */;
			sourceTree = BUILT_PRODUCTS_DIR;
		};
		58D1D0131FF0BA9100FB8988 /* SwiftyJSON tvOS Tests.xctest */ = {
			isa = PBXReferenceProxy;
			fileType = wrapper.cfbundle;
			path = "SwiftyJSON tvOS Tests.xctest";
			remoteRef = 58D1D0121FF0BA9100FB8988 /* PBXContainerItemProxy */;
			sourceTree = BUILT_PRODUCTS_DIR;
		};
		58E968871FF0987800E881D2 /* Alamofire.framework */ = {
			isa = PBXReferenceProxy;
			fileType = wrapper.framework;
			path = Alamofire.framework;
			remoteRef = 58E968861FF0987800E881D2 /* PBXContainerItemProxy */;
			sourceTree = BUILT_PRODUCTS_DIR;
		};
		58E968891FF0987800E881D2 /* Alamofire iOS Tests.xctest */ = {
			isa = PBXReferenceProxy;
			fileType = wrapper.cfbundle;
			path = "Alamofire iOS Tests.xctest";
			remoteRef = 58E968881FF0987800E881D2 /* PBXContainerItemProxy */;
			sourceTree = BUILT_PRODUCTS_DIR;
		};
		58E9688B1FF0987800E881D2 /* Alamofire.framework */ = {
			isa = PBXReferenceProxy;
			fileType = wrapper.framework;
			path = Alamofire.framework;
			remoteRef = 58E9688A1FF0987800E881D2 /* PBXContainerItemProxy */;
			sourceTree = BUILT_PRODUCTS_DIR;
		};
		58E9688D1FF0987800E881D2 /* Alamofire macOS Tests.xctest */ = {
			isa = PBXReferenceProxy;
			fileType = wrapper.cfbundle;
			path = "Alamofire macOS Tests.xctest";
			remoteRef = 58E9688C1FF0987800E881D2 /* PBXContainerItemProxy */;
			sourceTree = BUILT_PRODUCTS_DIR;
		};
		58E9688F1FF0987800E881D2 /* Alamofire.framework */ = {
			isa = PBXReferenceProxy;
			fileType = wrapper.framework;
			path = Alamofire.framework;
			remoteRef = 58E9688E1FF0987800E881D2 /* PBXContainerItemProxy */;
			sourceTree = BUILT_PRODUCTS_DIR;
		};
		58E968911FF0987800E881D2 /* Alamofire tvOS Tests.xctest */ = {
			isa = PBXReferenceProxy;
			fileType = wrapper.cfbundle;
			path = "Alamofire tvOS Tests.xctest";
			remoteRef = 58E968901FF0987800E881D2 /* PBXContainerItemProxy */;
			sourceTree = BUILT_PRODUCTS_DIR;
		};
		58E968931FF0987800E881D2 /* Alamofire.framework */ = {
			isa = PBXReferenceProxy;
			fileType = wrapper.framework;
			path = Alamofire.framework;
			remoteRef = 58E968921FF0987800E881D2 /* PBXContainerItemProxy */;
			sourceTree = BUILT_PRODUCTS_DIR;
		};
/* End PBXReferenceProxy section */

/* Begin PBXResourcesBuildPhase section */
		58B492301FE010E800E08E14 /* Resources */ = {
			isa = PBXResourcesBuildPhase;
			buildActionMask = 2147483647;
			files = (
				58B492401FE010E800E08E14 /* LaunchScreen.storyboard in Resources */,
				58B4923D1FE010E800E08E14 /* Assets.xcassets in Resources */,
				58B4923B1FE010E800E08E14 /* Main.storyboard in Resources */,
			);
			runOnlyForDeploymentPostprocessing = 0;
		};
		58B492441FE010E800E08E14 /* Resources */ = {
			isa = PBXResourcesBuildPhase;
			buildActionMask = 2147483647;
			files = (
			);
			runOnlyForDeploymentPostprocessing = 0;
		};
		58B4924F1FE010E800E08E14 /* Resources */ = {
			isa = PBXResourcesBuildPhase;
			buildActionMask = 2147483647;
			files = (
			);
			runOnlyForDeploymentPostprocessing = 0;
		};
/* End PBXResourcesBuildPhase section */

/* Begin PBXSourcesBuildPhase section */
		58B4922E1FE010E800E08E14 /* Sources */ = {
			isa = PBXSourcesBuildPhase;
			buildActionMask = 2147483647;
			files = (
				58D1D01D1FF0E98200FB8988 /* signupViewController.swift in Sources */,
				585B8E731FEE1B4800589ED8 /* RatingControl.swift in Sources */,
				586D4B841FEF7FAE007C3F6D /* CreatFoodReviewViewController.swift in Sources */,
				58E3F1FA1FF0176600071464 /* testTableViewCell.swift in Sources */,
				58D03FAE1FF1D039006FEFF0 /* ModifyFoodReviewViewController.swift in Sources */,
				58D1D0191FF0D77100FB8988 /* commentFood.swift in Sources */,
				58E3F1F01FF0056E00071464 /* SharedTableViewController.swift in Sources */,
				58B492381FE010E800E08E14 /* ViewController.swift in Sources */,
				586D4B861FEFA704007C3F6D /* ShowFoodReviewViewController.swift in Sources */,
				58E3F1F61FF005AD00071464 /* CommentedTableViewCell.swift in Sources */,
				58B492361FE010E800E08E14 /* AppDelegate.swift in Sources */,
				5879FFCF1FEF3D010076B532 /* FoodReview.swift in Sources */,
				5879FFD31FEF45860076B532 /* FoodReviewTableViewController.swift in Sources */,
				58E3F1E01FEFD0F100071464 /* Comment.swift in Sources */,
				58E3F1DE1FEFCF8F00071464 /* CommentTableViewController.swift in Sources */,
				58E3F1EE1FF0053800071464 /* settingViewController.swift in Sources */,
				58E3F1DC1FEFCAFB00071464 /* CommentTableViewCell.swift in Sources */,
				5879FFD11FEF3F510076B532 /* FoodReviewTableViewCell.swift in Sources */,
				586D4B881FEFC64A007C3F6D /* CommentViewController.swift in Sources */,
				58D1D01B1FF0E96E00FB8988 /* signinViewController.swift in Sources */,
				58E3F1F41FF0059B00071464 /* SharedTableViewCell.swift in Sources */,
				58E3F1F21FF0058200071464 /* CommentedTableViewController.swift in Sources */,
			);
			runOnlyForDeploymentPostprocessing = 0;
		};
		58B492421FE010E800E08E14 /* Sources */ = {
			isa = PBXSourcesBuildPhase;
			buildActionMask = 2147483647;
			files = (
				58B4924B1FE010E800E08E14 /* foodTests.swift in Sources */,
			);
			runOnlyForDeploymentPostprocessing = 0;
		};
		58B4924D1FE010E800E08E14 /* Sources */ = {
			isa = PBXSourcesBuildPhase;
			buildActionMask = 2147483647;
			files = (
				58B492561FE010E800E08E14 /* foodUITests.swift in Sources */,
			);
			runOnlyForDeploymentPostprocessing = 0;
		};
/* End PBXSourcesBuildPhase section */

/* Begin PBXTargetDependency section */
		58B492481FE010E800E08E14 /* PBXTargetDependency */ = {
			isa = PBXTargetDependency;
			target = 58B492311FE010E800E08E14 /* food */;
			targetProxy = 58B492471FE010E800E08E14 /* PBXContainerItemProxy */;
		};
		58B492531FE010E800E08E14 /* PBXTargetDependency */ = {
			isa = PBXTargetDependency;
			target = 58B492311FE010E800E08E14 /* food */;
			targetProxy = 58B492521FE010E800E08E14 /* PBXContainerItemProxy */;
		};
		58D1CFF81FF099CD00FB8988 /* PBXTargetDependency */ = {
			isa = PBXTargetDependency;
			name = "Alamofire iOS";
			targetProxy = 58D1CFF71FF099CD00FB8988 /* PBXContainerItemProxy */;
		};
		58D1D0171FF0BAAB00FB8988 /* PBXTargetDependency */ = {
			isa = PBXTargetDependency;
			name = "SwiftyJSON iOS";
			targetProxy = 58D1D0161FF0BAAB00FB8988 /* PBXContainerItemProxy */;
		};
/* End PBXTargetDependency section */

/* Begin PBXVariantGroup section */
		58B492391FE010E800E08E14 /* Main.storyboard */ = {
			isa = PBXVariantGroup;
			children = (
				58B4923A1FE010E800E08E14 /* Base */,
			);
			name = Main.storyboard;
			sourceTree = "<group>";
		};
		58B4923E1FE010E800E08E14 /* LaunchScreen.storyboard */ = {
			isa = PBXVariantGroup;
			children = (
				58B4923F1FE010E800E08E14 /* Base */,
			);
			name = LaunchScreen.storyboard;
			sourceTree = "<group>";
		};
/* End PBXVariantGroup section */

/* Begin XCBuildConfiguration section */
		58B492581FE010E800E08E14 /* Debug */ = {
			isa = XCBuildConfiguration;
			buildSettings = {
				ALWAYS_SEARCH_USER_PATHS = NO;
				CLANG_ANALYZER_NONNULL = YES;
				CLANG_ANALYZER_NUMBER_OBJECT_CONVERSION = YES_AGGRESSIVE;
				CLANG_CXX_LANGUAGE_STANDARD = "gnu++14";
				CLANG_CXX_LIBRARY = "libc++";
				CLANG_ENABLE_MODULES = YES;
				CLANG_ENABLE_OBJC_ARC = YES;
				CLANG_WARN_BLOCK_CAPTURE_AUTORELEASING = YES;
				CLANG_WARN_BOOL_CONVERSION = YES;
				CLANG_WARN_COMMA = YES;
				CLANG_WARN_CONSTANT_CONVERSION = YES;
				CLANG_WARN_DIRECT_OBJC_ISA_USAGE = YES_ERROR;
				CLANG_WARN_DOCUMENTATION_COMMENTS = YES;
				CLANG_WARN_EMPTY_BODY = YES;
				CLANG_WARN_ENUM_CONVERSION = YES;
				CLANG_WARN_INFINITE_RECURSION = YES;
				CLANG_WARN_INT_CONVERSION = YES;
				CLANG_WARN_NON_LITERAL_NULL_CONVERSION = YES;
				CLANG_WARN_OBJC_LITERAL_CONVERSION = YES;
				CLANG_WARN_OBJC_ROOT_CLASS = YES_ERROR;
				CLANG_WARN_RANGE_LOOP_ANALYSIS = YES;
				CLANG_WARN_STRICT_PROTOTYPES = YES;
				CLANG_WARN_SUSPICIOUS_MOVE = YES;
				CLANG_WARN_UNGUARDED_AVAILABILITY = YES_AGGRESSIVE;
				CLANG_WARN_UNREACHABLE_CODE = YES;
				CLANG_WARN__DUPLICATE_METHOD_MATCH = YES;
				CODE_SIGN_IDENTITY = "iPhone Developer";
				COPY_PHASE_STRIP = NO;
				DEBUG_INFORMATION_FORMAT = dwarf;
				ENABLE_STRICT_OBJC_MSGSEND = YES;
				ENABLE_TESTABILITY = YES;
				GCC_C_LANGUAGE_STANDARD = gnu11;
				GCC_DYNAMIC_NO_PIC = NO;
				GCC_NO_COMMON_BLOCKS = YES;
				GCC_OPTIMIZATION_LEVEL = 0;
				GCC_PREPROCESSOR_DEFINITIONS = (
					"DEBUG=1",
					"$(inherited)",
				);
				GCC_WARN_64_TO_32_BIT_CONVERSION = YES;
				GCC_WARN_ABOUT_RETURN_TYPE = YES_ERROR;
				GCC_WARN_UNDECLARED_SELECTOR = YES;
				GCC_WARN_UNINITIALIZED_AUTOS = YES_AGGRESSIVE;
				GCC_WARN_UNUSED_FUNCTION = YES;
				GCC_WARN_UNUSED_VARIABLE = YES;
				IPHONEOS_DEPLOYMENT_TARGET = 11.1;
				MTL_ENABLE_DEBUG_INFO = YES;
				ONLY_ACTIVE_ARCH = YES;
				SDKROOT = iphoneos;
				SWIFT_ACTIVE_COMPILATION_CONDITIONS = DEBUG;
				SWIFT_OPTIMIZATION_LEVEL = "-Onone";
			};
			name = Debug;
		};
		58B492591FE010E800E08E14 /* Release */ = {
			isa = XCBuildConfiguration;
			buildSettings = {
				ALWAYS_SEARCH_USER_PATHS = NO;
				CLANG_ANALYZER_NONNULL = YES;
				CLANG_ANALYZER_NUMBER_OBJECT_CONVERSION = YES_AGGRESSIVE;
				CLANG_CXX_LANGUAGE_STANDARD = "gnu++14";
				CLANG_CXX_LIBRARY = "libc++";
				CLANG_ENABLE_MODULES = YES;
				CLANG_ENABLE_OBJC_ARC = YES;
				CLANG_WARN_BLOCK_CAPTURE_AUTORELEASING = YES;
				CLANG_WARN_BOOL_CONVERSION = YES;
				CLANG_WARN_COMMA = YES;
				CLANG_WARN_CONSTANT_CONVERSION = YES;
				CLANG_WARN_DIRECT_OBJC_ISA_USAGE = YES_ERROR;
				CLANG_WARN_DOCUMENTATION_COMMENTS = YES;
				CLANG_WARN_EMPTY_BODY = YES;
				CLANG_WARN_ENUM_CONVERSION = YES;
				CLANG_WARN_INFINITE_RECURSION = YES;
				CLANG_WARN_INT_CONVERSION = YES;
				CLANG_WARN_NON_LITERAL_NULL_CONVERSION = YES;
				CLANG_WARN_OBJC_LITERAL_CONVERSION = YES;
				CLANG_WARN_OBJC_ROOT_CLASS = YES_ERROR;
				CLANG_WARN_RANGE_LOOP_ANALYSIS = YES;
				CLANG_WARN_STRICT_PROTOTYPES = YES;
				CLANG_WARN_SUSPICIOUS_MOVE = YES;
				CLANG_WARN_UNGUARDED_AVAILABILITY = YES_AGGRESSIVE;
				CLANG_WARN_UNREACHABLE_CODE = YES;
				CLANG_WARN__DUPLICATE_METHOD_MATCH = YES;
				CODE_SIGN_IDENTITY = "iPhone Developer";
				COPY_PHASE_STRIP = NO;
				DEBUG_INFORMATION_FORMAT = "dwarf-with-dsym";
				ENABLE_NS_ASSERTIONS = NO;
				ENABLE_STRICT_OBJC_MSGSEND = YES;
				GCC_C_LANGUAGE_STANDARD = gnu11;
				GCC_NO_COMMON_BLOCKS = YES;
				GCC_WARN_64_TO_32_BIT_CONVERSION = YES;
				GCC_WARN_ABOUT_RETURN_TYPE = YES_ERROR;
				GCC_WARN_UNDECLARED_SELECTOR = YES;
				GCC_WARN_UNINITIALIZED_AUTOS = YES_AGGRESSIVE;
				GCC_WARN_UNUSED_FUNCTION = YES;
				GCC_WARN_UNUSED_VARIABLE = YES;
				IPHONEOS_DEPLOYMENT_TARGET = 11.1;
				MTL_ENABLE_DEBUG_INFO = NO;
				SDKROOT = iphoneos;
				SWIFT_OPTIMIZATION_LEVEL = "-Owholemodule";
				VALIDATE_PRODUCT = YES;
			};
			name = Release;
		};
		58B4925B1FE010E800E08E14 /* Debug */ = {
			isa = XCBuildConfiguration;
			buildSettings = {
				ALWAYS_EMBED_SWIFT_STANDARD_LIBRARIES = YES;
				ASSETCATALOG_COMPILER_APPICON_NAME = AppIcon;
				CODE_SIGN_STYLE = Automatic;
				INFOPLIST_FILE = food/Info.plist;
				LD_RUNPATH_SEARCH_PATHS = "$(inherited) @executable_path/Frameworks";
				PRODUCT_BUNDLE_IDENTIFIER = a.food;
				PRODUCT_NAME = "$(TARGET_NAME)";
				SWIFT_VERSION = 4.0;
				TARGETED_DEVICE_FAMILY = "1,2";
			};
			name = Debug;
		};
		58B4925C1FE010E800E08E14 /* Release */ = {
			isa = XCBuildConfiguration;
			buildSettings = {
				ALWAYS_EMBED_SWIFT_STANDARD_LIBRARIES = YES;
				ASSETCATALOG_COMPILER_APPICON_NAME = AppIcon;
				CODE_SIGN_STYLE = Automatic;
				INFOPLIST_FILE = food/Info.plist;
				LD_RUNPATH_SEARCH_PATHS = "$(inherited) @executable_path/Frameworks";
				PRODUCT_BUNDLE_IDENTIFIER = a.food;
				PRODUCT_NAME = "$(TARGET_NAME)";
				SWIFT_VERSION = 4.0;
				TARGETED_DEVICE_FAMILY = "1,2";
			};
			name = Release;
		};
		58B4925E1FE010E800E08E14 /* Debug */ = {
			isa = XCBuildConfiguration;
			buildSettings = {
				ALWAYS_EMBED_SWIFT_STANDARD_LIBRARIES = YES;
				BUNDLE_LOADER = "$(TEST_HOST)";
				CODE_SIGN_STYLE = Automatic;
				INFOPLIST_FILE = foodTests/Info.plist;
				LD_RUNPATH_SEARCH_PATHS = "$(inherited) @executable_path/Frameworks @loader_path/Frameworks";
				PRODUCT_BUNDLE_IDENTIFIER = a.foodTests;
				PRODUCT_NAME = "$(TARGET_NAME)";
				SWIFT_VERSION = 4.0;
				TARGETED_DEVICE_FAMILY = "1,2";
				TEST_HOST = "$(BUILT_PRODUCTS_DIR)/food.app/food";
			};
			name = Debug;
		};
		58B4925F1FE010E800E08E14 /* Release */ = {
			isa = XCBuildConfiguration;
			buildSettings = {
				ALWAYS_EMBED_SWIFT_STANDARD_LIBRARIES = YES;
				BUNDLE_LOADER = "$(TEST_HOST)";
				CODE_SIGN_STYLE = Automatic;
				INFOPLIST_FILE = foodTests/Info.plist;
				LD_RUNPATH_SEARCH_PATHS = "$(inherited) @executable_path/Frameworks @loader_path/Frameworks";
				PRODUCT_BUNDLE_IDENTIFIER = a.foodTests;
				PRODUCT_NAME = "$(TARGET_NAME)";
				SWIFT_VERSION = 4.0;
				TARGETED_DEVICE_FAMILY = "1,2";
				TEST_HOST = "$(BUILT_PRODUCTS_DIR)/food.app/food";
			};
			name = Release;
		};
		58B492611FE010E800E08E14 /* Debug */ = {
			isa = XCBuildConfiguration;
			buildSettings = {
				ALWAYS_EMBED_SWIFT_STANDARD_LIBRARIES = YES;
				CODE_SIGN_STYLE = Automatic;
				INFOPLIST_FILE = foodUITests/Info.plist;
				LD_RUNPATH_SEARCH_PATHS = "$(inherited) @executable_path/Frameworks @loader_path/Frameworks";
				PRODUCT_BUNDLE_IDENTIFIER = a.foodUITests;
				PRODUCT_NAME = "$(TARGET_NAME)";
				SWIFT_VERSION = 4.0;
				TARGETED_DEVICE_FAMILY = "1,2";
				TEST_TARGET_NAME = food;
			};
			name = Debug;
		};
		58B492621FE010E800E08E14 /* Release */ = {
			isa = XCBuildConfiguration;
			buildSettings = {
				ALWAYS_EMBED_SWIFT_STANDARD_LIBRARIES = YES;
				CODE_SIGN_STYLE = Automatic;
				INFOPLIST_FILE = foodUITests/Info.plist;
				LD_RUNPATH_SEARCH_PATHS = "$(inherited) @executable_path/Frameworks @loader_path/Frameworks";
				PRODUCT_BUNDLE_IDENTIFIER = a.foodUITests;
				PRODUCT_NAME = "$(TARGET_NAME)";
				SWIFT_VERSION = 4.0;
				TARGETED_DEVICE_FAMILY = "1,2";
				TEST_TARGET_NAME = food;
			};
			name = Release;
		};
/* End XCBuildConfiguration section */

/* Begin XCConfigurationList section */
		58B4922D1FE010E700E08E14 /* Build configuration list for PBXProject "food" */ = {
			isa = XCConfigurationList;
			buildConfigurations = (
				58B492581FE010E800E08E14 /* Debug */,
				58B492591FE010E800E08E14 /* Release */,
			);
			defaultConfigurationIsVisible = 0;
			defaultConfigurationName = Release;
		};
		58B4925A1FE010E800E08E14 /* Build configuration list for PBXNativeTarget "food" */ = {
			isa = XCConfigurationList;
			buildConfigurations = (
				58B4925B1FE010E800E08E14 /* Debug */,
				58B4925C1FE010E800E08E14 /* Release */,
			);
			defaultConfigurationIsVisible = 0;
			defaultConfigurationName = Release;
		};
		58B4925D1FE010E800E08E14 /* Build configuration list for PBXNativeTarget "foodTests" */ = {
			isa = XCConfigurationList;
			buildConfigurations = (
				58B4925E1FE010E800E08E14 /* Debug */,
				58B4925F1FE010E800E08E14 /* Release */,
			);
			defaultConfigurationIsVisible = 0;
			defaultConfigurationName = Release;
		};
		58B492601FE010E800E08E14 /* Build configuration list for PBXNativeTarget "foodUITests" */ = {
			isa = XCConfigurationList;
			buildConfigurations = (
				58B492611FE010E800E08E14 /* Debug */,
				58B492621FE010E800E08E14 /* Release */,
			);
			defaultConfigurationIsVisible = 0;
			defaultConfigurationName = Release;
		};
/* End XCConfigurationList section */
	};
	rootObject = 58B4922A1FE010E700E08E14 /* Project object */;
}
